// !$*UTF8*$!
{
	archiveVersion = 1;
	classes = {
	};
	objectVersion = 46;
	objects = {

/* Begin PBXBuildFile section */
		C0EF4CAA19B7AD260017150B /* RecipeDetailViewController.m in Sources */ = {isa = PBXBuildFile; fileRef = C0EF4CA519B7AD260017150B /* RecipeDetailViewController.m */; };
		C0EF4CAB19B7AD260017150B /* RecipeTableCell.m in Sources */ = {isa = PBXBuildFile; fileRef = C0EF4CA719B7AD260017150B /* RecipeTableCell.m */; };
		C0EF4CAC19B7AD260017150B /* RecipeTableViewController.m in Sources */ = {isa = PBXBuildFile; fileRef = C0EF4CA919B7AD260017150B /* RecipeTableViewController.m */; };
		C0EF4CAF19B7ADAE0017150B /* Recipe.m in Sources */ = {isa = PBXBuildFile; fileRef = C0EF4CAE19B7ADAE0017150B /* Recipe.m */; };
		C0EF4CB319B7BC8E0017150B /* go.png in Resources */ = {isa = PBXBuildFile; fileRef = C0EF4CB119B7BC8E0017150B /* go.png */; };
		C0EF4CB419B7BC8E0017150B /* login.png in Resources */ = {isa = PBXBuildFile; fileRef = C0EF4CB219B7BC8E0017150B /* login.png */; };
		C0EF4CB619B800410017150B /* top.png in Resources */ = {isa = PBXBuildFile; fileRef = C0EF4CB519B800410017150B /* top.png */; };
		C0EF4CB819B802DA0017150B /* seta.png in Resources */ = {isa = PBXBuildFile; fileRef = C0EF4CB719B802DA0017150B /* seta.png */; };
		C0FB218919B74E1200C05F88 /* PageVC.m in Sources */ = {isa = PBXBuildFile; fileRef = C0FB218819B74E1200C05F88 /* PageVC.m */; };
		C0FB218C19B74ECA00C05F88 /* PageContentViewController.m in Sources */ = {isa = PBXBuildFile; fileRef = C0FB218B19B74ECA00C05F88 /* PageContentViewController.m */; };
		CD0483D019B7B1390098F495 /* Group.m in Sources */ = {isa = PBXBuildFile; fileRef = CD0483CF19B7B1390098F495 /* Group.m */; };
		CD197DEF19B885A6004F396C /* ProjectsViewController.m in Sources */ = {isa = PBXBuildFile; fileRef = CD197DEE19B885A6004F396C /* ProjectsViewController.m */; };
		CD197DF219B88636004F396C /* ProjectsTableCell.m in Sources */ = {isa = PBXBuildFile; fileRef = CD197DF119B88636004F396C /* ProjectsTableCell.m */; };
		CD197DF819B894B0004F396C /* projeto.png in Resources */ = {isa = PBXBuildFile; fileRef = CD197DF319B894B0004F396C /* projeto.png */; };
		CD197DFA19B894B0004F396C /* book.png in Resources */ = {isa = PBXBuildFile; fileRef = CD197DF519B894B0004F396C /* book.png */; };
		CD197E1619B89EC8004F396C /* grupo.png in Resources */ = {isa = PBXBuildFile; fileRef = CD197E1319B89EC8004F396C /* grupo.png */; };
		CD197E1719B89EC8004F396C /* home.png in Resources */ = {isa = PBXBuildFile; fileRef = CD197E1419B89EC8004F396C /* home.png */; };
		CD197E1819B89EC8004F396C /* troca.png in Resources */ = {isa = PBXBuildFile; fileRef = CD197E1519B89EC8004F396C /* troca.png */; };
		CD197E1B19B8AD93004F396C /* ProjectsTableViewController.m in Sources */ = {isa = PBXBuildFile; fileRef = CD197E1A19B8AD93004F396C /* ProjectsTableViewController.m */; };
		CD78626419B732D200154FB3 /* Foundation.framework in Frameworks */ = {isa = PBXBuildFile; fileRef = CD78626319B732D200154FB3 /* Foundation.framework */; };
		CD78626619B732D200154FB3 /* CoreGraphics.framework in Frameworks */ = {isa = PBXBuildFile; fileRef = CD78626519B732D200154FB3 /* CoreGraphics.framework */; };
		CD78626819B732D200154FB3 /* UIKit.framework in Frameworks */ = {isa = PBXBuildFile; fileRef = CD78626719B732D200154FB3 /* UIKit.framework */; };
		CD78626E19B732D200154FB3 /* InfoPlist.strings in Resources */ = {isa = PBXBuildFile; fileRef = CD78626C19B732D200154FB3 /* InfoPlist.strings */; };
		CD78627019B732D200154FB3 /* main.m in Sources */ = {isa = PBXBuildFile; fileRef = CD78626F19B732D200154FB3 /* main.m */; };
		CD78627419B732D200154FB3 /* AppDelegate.m in Sources */ = {isa = PBXBuildFile; fileRef = CD78627319B732D200154FB3 /* AppDelegate.m */; };
		CD78627719B732D200154FB3 /* Main.storyboard in Resources */ = {isa = PBXBuildFile; fileRef = CD78627519B732D200154FB3 /* Main.storyboard */; };
		CD78627A19B732D200154FB3 /* ViewController.m in Sources */ = {isa = PBXBuildFile; fileRef = CD78627919B732D200154FB3 /* ViewController.m */; };
		CD78627C19B732D200154FB3 /* Images.xcassets in Resources */ = {isa = PBXBuildFile; fileRef = CD78627B19B732D200154FB3 /* Images.xcassets */; };
		CD78628319B732D200154FB3 /* XCTest.framework in Frameworks */ = {isa = PBXBuildFile; fileRef = CD78628219B732D200154FB3 /* XCTest.framework */; };
		CD78628419B732D200154FB3 /* Foundation.framework in Frameworks */ = {isa = PBXBuildFile; fileRef = CD78626319B732D200154FB3 /* Foundation.framework */; };
		CD78628519B732D200154FB3 /* UIKit.framework in Frameworks */ = {isa = PBXBuildFile; fileRef = CD78626719B732D200154FB3 /* UIKit.framework */; };
		CD78628D19B732D200154FB3 /* InfoPlist.strings in Resources */ = {isa = PBXBuildFile; fileRef = CD78628B19B732D200154FB3 /* InfoPlist.strings */; };
		CD78628F19B732D200154FB3 /* RacortProjectTests.m in Sources */ = {isa = PBXBuildFile; fileRef = CD78628E19B732D200154FB3 /* RacortProjectTests.m */; };
		CD7862B419B7376100154FB3 /* TabBarController.m in Sources */ = {isa = PBXBuildFile; fileRef = CD7862B319B7376100154FB3 /* TabBarController.m */; };
		CD7862B719B740CF00154FB3 /* TableViewController.m in Sources */ = {isa = PBXBuildFile; fileRef = CD7862B619B740CF00154FB3 /* TableViewController.m */; };
		CD7FBFD819B78D8C005F5D1A /* Project.m in Sources */ = {isa = PBXBuildFile; fileRef = CD7FBFD719B78D8C005F5D1A /* Project.m */; };
		CD7FBFDB19B79018005F5D1A /* WebService.m in Sources */ = {isa = PBXBuildFile; fileRef = CD7FBFDA19B79018005F5D1A /* WebService.m */; };
		CD7FBFDE19B7927D005F5D1A /* Single.m in Sources */ = {isa = PBXBuildFile; fileRef = CD7FBFDD19B7927D005F5D1A /* Single.m */; };
		CD7FBFE419B7A099005F5D1A /* HomeVC.m in Sources */ = {isa = PBXBuildFile; fileRef = CD7FBFE319B7A099005F5D1A /* HomeVC.m */; };
/* End PBXBuildFile section */

/* Begin PBXContainerItemProxy section */
		CD78628619B732D200154FB3 /* PBXContainerItemProxy */ = {
			isa = PBXContainerItemProxy;
			containerPortal = CD78625819B732D200154FB3 /* Project object */;
			proxyType = 1;
			remoteGlobalIDString = CD78625F19B732D200154FB3;
			remoteInfo = RacortProject;
		};
/* End PBXContainerItemProxy section */

/* Begin PBXFileReference section */
		C0EF4CA419B7AD260017150B /* RecipeDetailViewController.h */ = {isa = PBXFileReference; fileEncoding = 4; lastKnownFileType = sourcecode.c.h; path = RecipeDetailViewController.h; sourceTree = "<group>"; };
		C0EF4CA519B7AD260017150B /* RecipeDetailViewController.m */ = {isa = PBXFileReference; fileEncoding = 4; lastKnownFileType = sourcecode.c.objc; path = RecipeDetailViewController.m; sourceTree = "<group>"; };
		C0EF4CA619B7AD260017150B /* RecipeTableCell.h */ = {isa = PBXFileReference; fileEncoding = 4; lastKnownFileType = sourcecode.c.h; path = RecipeTableCell.h; sourceTree = "<group>"; };
		C0EF4CA719B7AD260017150B /* RecipeTableCell.m */ = {isa = PBXFileReference; fileEncoding = 4; lastKnownFileType = sourcecode.c.objc; path = RecipeTableCell.m; sourceTree = "<group>"; };
		C0EF4CA819B7AD260017150B /* RecipeTableViewController.h */ = {isa = PBXFileReference; fileEncoding = 4; lastKnownFileType = sourcecode.c.h; path = RecipeTableViewController.h; sourceTree = "<group>"; };
		C0EF4CA919B7AD260017150B /* RecipeTableViewController.m */ = {isa = PBXFileReference; fileEncoding = 4; lastKnownFileType = sourcecode.c.objc; path = RecipeTableViewController.m; sourceTree = "<group>"; };
		C0EF4CAD19B7ADAE0017150B /* Recipe.h */ = {isa = PBXFileReference; fileEncoding = 4; lastKnownFileType = sourcecode.c.h; path = Recipe.h; sourceTree = "<group>"; };
		C0EF4CAE19B7ADAE0017150B /* Recipe.m */ = {isa = PBXFileReference; fileEncoding = 4; lastKnownFileType = sourcecode.c.objc; path = Recipe.m; sourceTree = "<group>"; };
		C0EF4CB119B7BC8E0017150B /* go.png */ = {isa = PBXFileReference; lastKnownFileType = image.png; path = go.png; sourceTree = "<group>"; };
		C0EF4CB219B7BC8E0017150B /* login.png */ = {isa = PBXFileReference; lastKnownFileType = image.png; path = login.png; sourceTree = "<group>"; };
		C0EF4CB519B800410017150B /* top.png */ = {isa = PBXFileReference; lastKnownFileType = image.png; path = top.png; sourceTree = "<group>"; };
		C0EF4CB719B802DA0017150B /* seta.png */ = {isa = PBXFileReference; lastKnownFileType = image.png; path = seta.png; sourceTree = "<group>"; };
		C0FB218719B74E1200C05F88 /* PageVC.h */ = {isa = PBXFileReference; fileEncoding = 4; lastKnownFileType = sourcecode.c.h; path = PageVC.h; sourceTree = "<group>"; };
		C0FB218819B74E1200C05F88 /* PageVC.m */ = {isa = PBXFileReference; fileEncoding = 4; lastKnownFileType = sourcecode.c.objc; path = PageVC.m; sourceTree = "<group>"; };
		C0FB218A19B74ECA00C05F88 /* PageContentViewController.h */ = {isa = PBXFileReference; fileEncoding = 4; lastKnownFileType = sourcecode.c.h; path = PageContentViewController.h; sourceTree = "<group>"; };
		C0FB218B19B74ECA00C05F88 /* PageContentViewController.m */ = {isa = PBXFileReference; fileEncoding = 4; lastKnownFileType = sourcecode.c.objc; path = PageContentViewController.m; sourceTree = "<group>"; };
		CD0483CE19B7B1390098F495 /* Group.h */ = {isa = PBXFileReference; fileEncoding = 4; lastKnownFileType = sourcecode.c.h; path = Group.h; sourceTree = "<group>"; };
		CD0483CF19B7B1390098F495 /* Group.m */ = {isa = PBXFileReference; fileEncoding = 4; lastKnownFileType = sourcecode.c.objc; path = Group.m; sourceTree = "<group>"; };
		CD197DED19B885A6004F396C /* ProjectsViewController.h */ = {isa = PBXFileReference; fileEncoding = 4; lastKnownFileType = sourcecode.c.h; path = ProjectsViewController.h; sourceTree = "<group>"; };
		CD197DEE19B885A6004F396C /* ProjectsViewController.m */ = {isa = PBXFileReference; fileEncoding = 4; lastKnownFileType = sourcecode.c.objc; path = ProjectsViewController.m; sourceTree = "<group>"; };
		CD197DF019B88636004F396C /* ProjectsTableCell.h */ = {isa = PBXFileReference; fileEncoding = 4; lastKnownFileType = sourcecode.c.h; path = ProjectsTableCell.h; sourceTree = "<group>"; };
		CD197DF119B88636004F396C /* ProjectsTableCell.m */ = {isa = PBXFileReference; fileEncoding = 4; lastKnownFileType = sourcecode.c.objc; path = ProjectsTableCell.m; sourceTree = "<group>"; };
		CD197DF319B894B0004F396C /* projeto.png */ = {isa = PBXFileReference; lastKnownFileType = image.png; path = projeto.png; sourceTree = "<group>"; };
		CD197DF519B894B0004F396C /* book.png */ = {isa = PBXFileReference; lastKnownFileType = image.png; path = book.png; sourceTree = "<group>"; };
		CD197E1319B89EC8004F396C /* grupo.png */ = {isa = PBXFileReference; lastKnownFileType = image.png; path = grupo.png; sourceTree = "<group>"; };
		CD197E1419B89EC8004F396C /* home.png */ = {isa = PBXFileReference; lastKnownFileType = image.png; path = home.png; sourceTree = "<group>"; };
		CD197E1519B89EC8004F396C /* troca.png */ = {isa = PBXFileReference; lastKnownFileType = image.png; path = troca.png; sourceTree = "<group>"; };
		CD197E1919B8AD93004F396C /* ProjectsTableViewController.h */ = {isa = PBXFileReference; fileEncoding = 4; lastKnownFileType = sourcecode.c.h; name = ProjectsTableViewController.h; path = ../ProjectsTableViewController.h; sourceTree = "<group>"; };
		CD197E1A19B8AD93004F396C /* ProjectsTableViewController.m */ = {isa = PBXFileReference; fileEncoding = 4; lastKnownFileType = sourcecode.c.objc; name = ProjectsTableViewController.m; path = ../ProjectsTableViewController.m; sourceTree = "<group>"; };
		CD78626019B732D200154FB3 /* RacortProject.app */ = {isa = PBXFileReference; explicitFileType = wrapper.application; includeInIndex = 0; path = RacortProject.app; sourceTree = BUILT_PRODUCTS_DIR; };
		CD78626319B732D200154FB3 /* Foundation.framework */ = {isa = PBXFileReference; lastKnownFileType = wrapper.framework; name = Foundation.framework; path = System/Library/Frameworks/Foundation.framework; sourceTree = SDKROOT; };
		CD78626519B732D200154FB3 /* CoreGraphics.framework */ = {isa = PBXFileReference; lastKnownFileType = wrapper.framework; name = CoreGraphics.framework; path = System/Library/Frameworks/CoreGraphics.framework; sourceTree = SDKROOT; };
		CD78626719B732D200154FB3 /* UIKit.framework */ = {isa = PBXFileReference; lastKnownFileType = wrapper.framework; name = UIKit.framework; path = System/Library/Frameworks/UIKit.framework; sourceTree = SDKROOT; };
		CD78626B19B732D200154FB3 /* RacortProject-Info.plist */ = {isa = PBXFileReference; lastKnownFileType = text.plist.xml; path = "RacortProject-Info.plist"; sourceTree = "<group>"; };
		CD78626D19B732D200154FB3 /* en */ = {isa = PBXFileReference; lastKnownFileType = text.plist.strings; name = en; path = en.lproj/InfoPlist.strings; sourceTree = "<group>"; };
		CD78626F19B732D200154FB3 /* main.m */ = {isa = PBXFileReference; lastKnownFileType = sourcecode.c.objc; path = main.m; sourceTree = "<group>"; };
		CD78627119B732D200154FB3 /* RacortProject-Prefix.pch */ = {isa = PBXFileReference; lastKnownFileType = sourcecode.c.h; path = "RacortProject-Prefix.pch"; sourceTree = "<group>"; };
		CD78627219B732D200154FB3 /* AppDelegate.h */ = {isa = PBXFileReference; lastKnownFileType = sourcecode.c.h; path = AppDelegate.h; sourceTree = "<group>"; };
		CD78627319B732D200154FB3 /* AppDelegate.m */ = {isa = PBXFileReference; lastKnownFileType = sourcecode.c.objc; path = AppDelegate.m; sourceTree = "<group>"; };
		CD78627619B732D200154FB3 /* Base */ = {isa = PBXFileReference; lastKnownFileType = file.storyboard; name = Base; path = Base.lproj/Main.storyboard; sourceTree = "<group>"; };
		CD78627819B732D200154FB3 /* ViewController.h */ = {isa = PBXFileReference; lastKnownFileType = sourcecode.c.h; path = ViewController.h; sourceTree = "<group>"; };
		CD78627919B732D200154FB3 /* ViewController.m */ = {isa = PBXFileReference; lastKnownFileType = sourcecode.c.objc; path = ViewController.m; sourceTree = "<group>"; };
		CD78627B19B732D200154FB3 /* Images.xcassets */ = {isa = PBXFileReference; lastKnownFileType = folder.assetcatalog; path = Images.xcassets; sourceTree = "<group>"; };
		CD78628119B732D200154FB3 /* RacortProjectTests.xctest */ = {isa = PBXFileReference; explicitFileType = wrapper.cfbundle; includeInIndex = 0; path = RacortProjectTests.xctest; sourceTree = BUILT_PRODUCTS_DIR; };
		CD78628219B732D200154FB3 /* XCTest.framework */ = {isa = PBXFileReference; lastKnownFileType = wrapper.framework; name = XCTest.framework; path = Library/Frameworks/XCTest.framework; sourceTree = DEVELOPER_DIR; };
		CD78628A19B732D200154FB3 /* RacortProjectTests-Info.plist */ = {isa = PBXFileReference; lastKnownFileType = text.plist.xml; path = "RacortProjectTests-Info.plist"; sourceTree = "<group>"; };
		CD78628C19B732D200154FB3 /* en */ = {isa = PBXFileReference; lastKnownFileType = text.plist.strings; name = en; path = en.lproj/InfoPlist.strings; sourceTree = "<group>"; };
		CD78628E19B732D200154FB3 /* RacortProjectTests.m */ = {isa = PBXFileReference; lastKnownFileType = sourcecode.c.objc; path = RacortProjectTests.m; sourceTree = "<group>"; };
		CD7862B219B7376100154FB3 /* TabBarController.h */ = {isa = PBXFileReference; fileEncoding = 4; lastKnownFileType = sourcecode.c.h; name = TabBarController.h; path = ../TabBarController.h; sourceTree = "<group>"; };
		CD7862B319B7376100154FB3 /* TabBarController.m */ = {isa = PBXFileReference; fileEncoding = 4; lastKnownFileType = sourcecode.c.objc; name = TabBarController.m; path = ../TabBarController.m; sourceTree = "<group>"; };
		CD7862B519B740CF00154FB3 /* TableViewController.h */ = {isa = PBXFileReference; fileEncoding = 4; lastKnownFileType = sourcecode.c.h; path = TableViewController.h; sourceTree = "<group>"; };
		CD7862B619B740CF00154FB3 /* TableViewController.m */ = {isa = PBXFileReference; fileEncoding = 4; lastKnownFileType = sourcecode.c.objc; path = TableViewController.m; sourceTree = "<group>"; };
		CD7FBFD619B78D8C005F5D1A /* Project.h */ = {isa = PBXFileReference; fileEncoding = 4; lastKnownFileType = sourcecode.c.h; path = Project.h; sourceTree = "<group>"; };
		CD7FBFD719B78D8C005F5D1A /* Project.m */ = {isa = PBXFileReference; fileEncoding = 4; lastKnownFileType = sourcecode.c.objc; path = Project.m; sourceTree = "<group>"; };
		CD7FBFD919B79018005F5D1A /* WebService.h */ = {isa = PBXFileReference; fileEncoding = 4; lastKnownFileType = sourcecode.c.h; path = WebService.h; sourceTree = "<group>"; };
		CD7FBFDA19B79018005F5D1A /* WebService.m */ = {isa = PBXFileReference; fileEncoding = 4; lastKnownFileType = sourcecode.c.objc; path = WebService.m; sourceTree = "<group>"; };
		CD7FBFDC19B7927D005F5D1A /* Single.h */ = {isa = PBXFileReference; fileEncoding = 4; lastKnownFileType = sourcecode.c.h; path = Single.h; sourceTree = "<group>"; };
		CD7FBFDD19B7927D005F5D1A /* Single.m */ = {isa = PBXFileReference; fileEncoding = 4; lastKnownFileType = sourcecode.c.objc; path = Single.m; sourceTree = "<group>"; };
		CD7FBFE219B7A099005F5D1A /* HomeVC.h */ = {isa = PBXFileReference; fileEncoding = 4; lastKnownFileType = sourcecode.c.h; name = HomeVC.h; path = ../HomeVC.h; sourceTree = "<group>"; };
		CD7FBFE319B7A099005F5D1A /* HomeVC.m */ = {isa = PBXFileReference; fileEncoding = 4; lastKnownFileType = sourcecode.c.objc; name = HomeVC.m; path = ../HomeVC.m; sourceTree = "<group>"; };
/* End PBXFileReference section */

/* Begin PBXFrameworksBuildPhase section */
		CD78625D19B732D200154FB3 /* Frameworks */ = {
			isa = PBXFrameworksBuildPhase;
			buildActionMask = 2147483647;
			files = (
				CD78626619B732D200154FB3 /* CoreGraphics.framework in Frameworks */,
				CD78626819B732D200154FB3 /* UIKit.framework in Frameworks */,
				CD78626419B732D200154FB3 /* Foundation.framework in Frameworks */,
			);
			runOnlyForDeploymentPostprocessing = 0;
		};
		CD78627E19B732D200154FB3 /* Frameworks */ = {
			isa = PBXFrameworksBuildPhase;
			buildActionMask = 2147483647;
			files = (
				CD78628319B732D200154FB3 /* XCTest.framework in Frameworks */,
				CD78628519B732D200154FB3 /* UIKit.framework in Frameworks */,
				CD78628419B732D200154FB3 /* Foundation.framework in Frameworks */,
			);
			runOnlyForDeploymentPostprocessing = 0;
		};
/* End PBXFrameworksBuildPhase section */

/* Begin PBXGroup section */
		C0EF4CB019B7BC8E0017150B /* img */ = {
			isa = PBXGroup;
			children = (
				CD197E1319B89EC8004F396C /* grupo.png */,
				CD197E1419B89EC8004F396C /* home.png */,
				CD197E1519B89EC8004F396C /* troca.png */,
				CD197DF319B894B0004F396C /* projeto.png */,
				CD197DF519B894B0004F396C /* book.png */,
				C0EF4CB719B802DA0017150B /* seta.png */,
				C0EF4CB519B800410017150B /* top.png */,
				C0EF4CB119B7BC8E0017150B /* go.png */,
				C0EF4CB219B7BC8E0017150B /* login.png */,
			);
			path = img;
			sourceTree = "<group>";
		};
		CD78625719B732D200154FB3 = {
			isa = PBXGroup;
			children = (
				CD7FBFD519B78C92005F5D1A /* Views */,
				CD78626919B732D200154FB3 /* RacortProject */,
				CD78628819B732D200154FB3 /* RacortProjectTests */,
				CD78626219B732D200154FB3 /* Frameworks */,
				CD78626119B732D200154FB3 /* Products */,
			);
			sourceTree = "<group>";
		};
		CD78626119B732D200154FB3 /* Products */ = {
			isa = PBXGroup;
			children = (
				CD78626019B732D200154FB3 /* RacortProject.app */,
				CD78628119B732D200154FB3 /* RacortProjectTests.xctest */,
			);
			name = Products;
			sourceTree = "<group>";
		};
		CD78626219B732D200154FB3 /* Frameworks */ = {
			isa = PBXGroup;
			children = (
				CD78626319B732D200154FB3 /* Foundation.framework */,
				CD78626519B732D200154FB3 /* CoreGraphics.framework */,
				CD78626719B732D200154FB3 /* UIKit.framework */,
				CD78628219B732D200154FB3 /* XCTest.framework */,
			);
			name = Frameworks;
			sourceTree = "<group>";
		};
		CD78626919B732D200154FB3 /* RacortProject */ = {
			isa = PBXGroup;
			children = (
				C0EF4CB019B7BC8E0017150B /* img */,
				C0EF4CAD19B7ADAE0017150B /* Recipe.h */,
				C0EF4CAE19B7ADAE0017150B /* Recipe.m */,
				C0EF4CA419B7AD260017150B /* RecipeDetailViewController.h */,
				C0EF4CA519B7AD260017150B /* RecipeDetailViewController.m */,
				C0EF4CA819B7AD260017150B /* RecipeTableViewController.h */,
				C0EF4CA919B7AD260017150B /* RecipeTableViewController.m */,
				C0EF4CA619B7AD260017150B /* RecipeTableCell.h */,
				C0EF4CA719B7AD260017150B /* RecipeTableCell.m */,
				CD197DED19B885A6004F396C /* ProjectsViewController.h */,
				CD197DEE19B885A6004F396C /* ProjectsViewController.m */,
				CD197E1919B8AD93004F396C /* ProjectsTableViewController.h */,
				CD197E1A19B8AD93004F396C /* ProjectsTableViewController.m */,
				CD197DF019B88636004F396C /* ProjectsTableCell.h */,
				CD197DF119B88636004F396C /* ProjectsTableCell.m */,
				CD7FBFE219B7A099005F5D1A /* HomeVC.h */,
				CD7FBFE319B7A099005F5D1A /* HomeVC.m */,
				CD7FBFDC19B7927D005F5D1A /* Single.h */,
				CD7FBFDD19B7927D005F5D1A /* Single.m */,
				CD78627519B732D200154FB3 /* Main.storyboard */,
				CD7FBFD619B78D8C005F5D1A /* Project.h */,
				CD7FBFD719B78D8C005F5D1A /* Project.m */,
				CD0483CE19B7B1390098F495 /* Group.h */,
				CD0483CF19B7B1390098F495 /* Group.m */,
				CD7FBFD919B79018005F5D1A /* WebService.h */,
				CD7FBFDA19B79018005F5D1A /* WebService.m */,
				CD7862B219B7376100154FB3 /* TabBarController.h */,
				CD7862B319B7376100154FB3 /* TabBarController.m */,
				C0FB218A19B74ECA00C05F88 /* PageContentViewController.h */,
				C0FB218B19B74ECA00C05F88 /* PageContentViewController.m */,
				CD7862B519B740CF00154FB3 /* TableViewController.h */,
				CD7862B619B740CF00154FB3 /* TableViewController.m */,
				CD78627219B732D200154FB3 /* AppDelegate.h */,
				CD78627319B732D200154FB3 /* AppDelegate.m */,
				CD78627B19B732D200154FB3 /* Images.xcassets */,
				CD78626A19B732D200154FB3 /* Supporting Files */,
			);
			path = RacortProject;
			sourceTree = "<group>";
		};
		CD78626A19B732D200154FB3 /* Supporting Files */ = {
			isa = PBXGroup;
			children = (
				CD78626B19B732D200154FB3 /* RacortProject-Info.plist */,
				CD78626C19B732D200154FB3 /* InfoPlist.strings */,
				CD78626F19B732D200154FB3 /* main.m */,
				CD78627119B732D200154FB3 /* RacortProject-Prefix.pch */,
			);
			name = "Supporting Files";
			sourceTree = "<group>";
		};
		CD78628819B732D200154FB3 /* RacortProjectTests */ = {
			isa = PBXGroup;
			children = (
				CD78628E19B732D200154FB3 /* RacortProjectTests.m */,
				CD78628919B732D200154FB3 /* Supporting Files */,
			);
			path = RacortProjectTests;
			sourceTree = "<group>";
		};
		CD78628919B732D200154FB3 /* Supporting Files */ = {
			isa = PBXGroup;
			children = (
				CD78628A19B732D200154FB3 /* RacortProjectTests-Info.plist */,
				CD78628B19B732D200154FB3 /* InfoPlist.strings */,
			);
			name = "Supporting Files";
			sourceTree = "<group>";
		};
		CD7FBFD519B78C92005F5D1A /* Views */ = {
			isa = PBXGroup;
			children = (
				CD78627819B732D200154FB3 /* ViewController.h */,
				CD78627919B732D200154FB3 /* ViewController.m */,
				C0FB218719B74E1200C05F88 /* PageVC.h */,
				C0FB218819B74E1200C05F88 /* PageVC.m */,
			);
			name = Views;
			path = RacortProject;
			sourceTree = "<group>";
		};
/* End PBXGroup section */

/* Begin PBXNativeTarget section */
		CD78625F19B732D200154FB3 /* RacortProject */ = {
			isa = PBXNativeTarget;
			buildConfigurationList = CD78629219B732D200154FB3 /* Build configuration list for PBXNativeTarget "RacortProject" */;
			buildPhases = (
				CD78625C19B732D200154FB3 /* Sources */,
				CD78625D19B732D200154FB3 /* Frameworks */,
				CD78625E19B732D200154FB3 /* Resources */,
			);
			buildRules = (
			);
			dependencies = (
			);
			name = RacortProject;
			productName = RacortProject;
			productReference = CD78626019B732D200154FB3 /* RacortProject.app */;
			productType = "com.apple.product-type.application";
		};
		CD78628019B732D200154FB3 /* RacortProjectTests */ = {
			isa = PBXNativeTarget;
			buildConfigurationList = CD78629519B732D200154FB3 /* Build configuration list for PBXNativeTarget "RacortProjectTests" */;
			buildPhases = (
				CD78627D19B732D200154FB3 /* Sources */,
				CD78627E19B732D200154FB3 /* Frameworks */,
				CD78627F19B732D200154FB3 /* Resources */,
			);
			buildRules = (
			);
			dependencies = (
				CD78628719B732D200154FB3 /* PBXTargetDependency */,
			);
			name = RacortProjectTests;
			productName = RacortProjectTests;
			productReference = CD78628119B732D200154FB3 /* RacortProjectTests.xctest */;
			productType = "com.apple.product-type.bundle.unit-test";
		};
/* End PBXNativeTarget section */

/* Begin PBXProject section */
		CD78625819B732D200154FB3 /* Project object */ = {
			isa = PBXProject;
			attributes = {
				LastUpgradeCheck = 0510;
				ORGANIZATIONNAME = "___FULLUSERNAME___";
				TargetAttributes = {
					CD78628019B732D200154FB3 = {
						TestTargetID = CD78625F19B732D200154FB3;
					};
				};
			};
			buildConfigurationList = CD78625B19B732D200154FB3 /* Build configuration list for PBXProject "RacortProject" */;
			compatibilityVersion = "Xcode 3.2";
			developmentRegion = English;
			hasScannedForEncodings = 0;
			knownRegions = (
				en,
				Base,
			);
			mainGroup = CD78625719B732D200154FB3;
			productRefGroup = CD78626119B732D200154FB3 /* Products */;
			projectDirPath = "";
			projectRoot = "";
			targets = (
				CD78625F19B732D200154FB3 /* RacortProject */,
				CD78628019B732D200154FB3 /* RacortProjectTests */,
			);
		};
/* End PBXProject section */

/* Begin PBXResourcesBuildPhase section */
		CD78625E19B732D200154FB3 /* Resources */ = {
			isa = PBXResourcesBuildPhase;
			buildActionMask = 2147483647;
			files = (
				CD78627C19B732D200154FB3 /* Images.xcassets in Resources */,
				CD197DF819B894B0004F396C /* projeto.png in Resources */,
				CD197E1719B89EC8004F396C /* home.png in Resources */,
				C0EF4CB419B7BC8E0017150B /* login.png in Resources */,
				CD78626E19B732D200154FB3 /* InfoPlist.strings in Resources */,
				CD197E1819B89EC8004F396C /* troca.png in Resources */,
				C0EF4CB619B800410017150B /* top.png in Resources */,
				CD197E1619B89EC8004F396C /* grupo.png in Resources */,
				CD197DFA19B894B0004F396C /* book.png in Resources */,
				CD78627719B732D200154FB3 /* Main.storyboard in Resources */,
				C0EF4CB319B7BC8E0017150B /* go.png in Resources */,
				C0EF4CB819B802DA0017150B /* seta.png in Resources */,
			);
			runOnlyForDeploymentPostprocessing = 0;
		};
		CD78627F19B732D200154FB3 /* Resources */ = {
			isa = PBXResourcesBuildPhase;
			buildActionMask = 2147483647;
			files = (
				CD78628D19B732D200154FB3 /* InfoPlist.strings in Resources */,
			);
			runOnlyForDeploymentPostprocessing = 0;
		};
/* End PBXResourcesBuildPhase section */

/* Begin PBXSourcesBuildPhase section */
		CD78625C19B732D200154FB3 /* Sources */ = {
			isa = PBXSourcesBuildPhase;
			buildActionMask = 2147483647;
			files = (
				CD7862B719B740CF00154FB3 /* TableViewController.m in Sources */,
				CD78627A19B732D200154FB3 /* ViewController.m in Sources */,
				C0FB218C19B74ECA00C05F88 /* PageContentViewController.m in Sources */,
				CD7FBFE419B7A099005F5D1A /* HomeVC.m in Sources */,
				CD197DEF19B885A6004F396C /* ProjectsViewController.m in Sources */,
				C0EF4CAC19B7AD260017150B /* RecipeTableViewController.m in Sources */,
				C0EF4CAA19B7AD260017150B /* RecipeDetailViewController.m in Sources */,
				CD78627419B732D200154FB3 /* AppDelegate.m in Sources */,
				CD7FBFDE19B7927D005F5D1A /* Single.m in Sources */,
				CD0483D019B7B1390098F495 /* Group.m in Sources */,
				CD197E1B19B8AD93004F396C /* ProjectsTableViewController.m in Sources */,
				CD7FBFD819B78D8C005F5D1A /* Project.m in Sources */,
				C0EF4CAF19B7ADAE0017150B /* Recipe.m in Sources */,
				C0FB218919B74E1200C05F88 /* PageVC.m in Sources */,
				C0EF4CAB19B7AD260017150B /* RecipeTableCell.m in Sources */,
				CD197DF219B88636004F396C /* ProjectsTableCell.m in Sources */,
				CD78627019B732D200154FB3 /* main.m in Sources */,
				CD7862B419B7376100154FB3 /* TabBarController.m in Sources */,
				CD7FBFDB19B79018005F5D1A /* WebService.m in Sources */,
			);
			runOnlyForDeploymentPostprocessing = 0;
		};
		CD78627D19B732D200154FB3 /* Sources */ = {
			isa = PBXSourcesBuildPhase;
			buildActionMask = 2147483647;
			files = (
				CD78628F19B732D200154FB3 /* RacortProjectTests.m in Sources */,
			);
			runOnlyForDeploymentPostprocessing = 0;
		};
/* End PBXSourcesBuildPhase section */

/* Begin PBXTargetDependency section */
		CD78628719B732D200154FB3 /* PBXTargetDependency */ = {
			isa = PBXTargetDependency;
			target = CD78625F19B732D200154FB3 /* RacortProject */;
			targetProxy = CD78628619B732D200154FB3 /* PBXContainerItemProxy */;
		};
/* End PBXTargetDependency section */

/* Begin PBXVariantGroup section */
		CD78626C19B732D200154FB3 /* InfoPlist.strings */ = {
			isa = PBXVariantGroup;
			children = (
				CD78626D19B732D200154FB3 /* en */,
			);
			name = InfoPlist.strings;
			sourceTree = "<group>";
		};
		CD78627519B732D200154FB3 /* Main.storyboard */ = {
			isa = PBXVariantGroup;
			children = (
				CD78627619B732D200154FB3 /* Base */,
			);
			name = Main.storyboard;
			sourceTree = "<group>";
		};
		CD78628B19B732D200154FB3 /* InfoPlist.strings */ = {
			isa = PBXVariantGroup;
			children = (
				CD78628C19B732D200154FB3 /* en */,
			);
			name = InfoPlist.strings;
			sourceTree = "<group>";
		};
/* End PBXVariantGroup section */

/* Begin XCBuildConfiguration section */
		CD78629019B732D200154FB3 /* Debug */ = {
			isa = XCBuildConfiguration;
			buildSettings = {
				ALWAYS_SEARCH_USER_PATHS = NO;
				CLANG_CXX_LANGUAGE_STANDARD = "gnu++0x";
				CLANG_CXX_LIBRARY = "libc++";
				CLANG_ENABLE_MODULES = YES;
				CLANG_ENABLE_OBJC_ARC = YES;
				CLANG_WARN_BOOL_CONVERSION = YES;
				CLANG_WARN_CONSTANT_CONVERSION = YES;
				CLANG_WARN_DIRECT_OBJC_ISA_USAGE = YES_ERROR;
				CLANG_WARN_EMPTY_BODY = YES;
				CLANG_WARN_ENUM_CONVERSION = YES;
				CLANG_WARN_INT_CONVERSION = YES;
				CLANG_WARN_OBJC_ROOT_CLASS = YES_ERROR;
				CLANG_WARN__DUPLICATE_METHOD_MATCH = YES;
				"CODE_SIGN_IDENTITY[sdk=iphoneos*]" = "iPhone Developer";
				COPY_PHASE_STRIP = NO;
				GCC_C_LANGUAGE_STANDARD = gnu99;
				GCC_DYNAMIC_NO_PIC = NO;
				GCC_OPTIMIZATION_LEVEL = 0;
				GCC_PREPROCESSOR_DEFINITIONS = (
					"DEBUG=1",
					"$(inherited)",
				);
				GCC_SYMBOLS_PRIVATE_EXTERN = NO;
				GCC_WARN_64_TO_32_BIT_CONVERSION = YES;
				GCC_WARN_ABOUT_RETURN_TYPE = YES_ERROR;
				GCC_WARN_UNDECLARED_SELECTOR = YES;
				GCC_WARN_UNINITIALIZED_AUTOS = YES_AGGRESSIVE;
				GCC_WARN_UNUSED_FUNCTION = YES;
				GCC_WARN_UNUSED_VARIABLE = YES;
				IPHONEOS_DEPLOYMENT_TARGET = 7.1;
				ONLY_ACTIVE_ARCH = YES;
				SDKROOT = iphoneos;
			};
			name = Debug;
		};
		CD78629119B732D200154FB3 /* Release */ = {
			isa = XCBuildConfiguration;
			buildSettings = {
				ALWAYS_SEARCH_USER_PATHS = NO;
				CLANG_CXX_LANGUAGE_STANDARD = "gnu++0x";
				CLANG_CXX_LIBRARY = "libc++";
				CLANG_ENABLE_MODULES = YES;
				CLANG_ENABLE_OBJC_ARC = YES;
				CLANG_WARN_BOOL_CONVERSION = YES;
				CLANG_WARN_CONSTANT_CONVERSION = YES;
				CLANG_WARN_DIRECT_OBJC_ISA_USAGE = YES_ERROR;
				CLANG_WARN_EMPTY_BODY = YES;
				CLANG_WARN_ENUM_CONVERSION = YES;
				CLANG_WARN_INT_CONVERSION = YES;
				CLANG_WARN_OBJC_ROOT_CLASS = YES_ERROR;
				CLANG_WARN__DUPLICATE_METHOD_MATCH = YES;
				"CODE_SIGN_IDENTITY[sdk=iphoneos*]" = "iPhone Developer";
				COPY_PHASE_STRIP = YES;
				ENABLE_NS_ASSERTIONS = NO;
				GCC_C_LANGUAGE_STANDARD = gnu99;
				GCC_WARN_64_TO_32_BIT_CONVERSION = YES;
				GCC_WARN_ABOUT_RETURN_TYPE = YES_ERROR;
				GCC_WARN_UNDECLARED_SELECTOR = YES;
				GCC_WARN_UNINITIALIZED_AUTOS = YES_AGGRESSIVE;
				GCC_WARN_UNUSED_FUNCTION = YES;
				GCC_WARN_UNUSED_VARIABLE = YES;
				IPHONEOS_DEPLOYMENT_TARGET = 7.1;
				SDKROOT = iphoneos;
				VALIDATE_PRODUCT = YES;
			};
			name = Release;
		};
		CD78629319B732D200154FB3 /* Debug */ = {
			isa = XCBuildConfiguration;
			buildSettings = {
				ASSETCATALOG_COMPILER_APPICON_NAME = AppIcon;
				ASSETCATALOG_COMPILER_LAUNCHIMAGE_NAME = LaunchImage;
				GCC_PRECOMPILE_PREFIX_HEADER = YES;
				GCC_PREFIX_HEADER = "RacortProject/RacortProject-Prefix.pch";
				INFOPLIST_FILE = "RacortProject/RacortProject-Info.plist";
				PRODUCT_NAME = "$(TARGET_NAME)";
				WRAPPER_EXTENSION = app;
			};
			name = Debug;
		};
		CD78629419B732D200154FB3 /* Release */ = {
			isa = XCBuildConfiguration;
			buildSettings = {
				ASSETCATALOG_COMPILER_APPICON_NAME = AppIcon;
				ASSETCATALOG_COMPILER_LAUNCHIMAGE_NAME = LaunchImage;
				GCC_PRECOMPILE_PREFIX_HEADER = YES;
				GCC_PREFIX_HEADER = "RacortProject/RacortProject-Prefix.pch";
				INFOPLIST_FILE = "RacortProject/RacortProject-Info.plist";
				PRODUCT_NAME = "$(TARGET_NAME)";
				WRAPPER_EXTENSION = app;
			};
			name = Release;
		};
		CD78629619B732D200154FB3 /* Debug */ = {
			isa = XCBuildConfiguration;
			buildSettings = {
				BUNDLE_LOADER = "$(BUILT_PRODUCTS_DIR)/RacortProject.app/RacortProject";
				FRAMEWORK_SEARCH_PATHS = (
					"$(SDKROOT)/Developer/Library/Frameworks",
					"$(inherited)",
					"$(DEVELOPER_FRAMEWORKS_DIR)",
				);
				GCC_PRECOMPILE_PREFIX_HEADER = YES;
				GCC_PREFIX_HEADER = "RacortProject/RacortProject-Prefix.pch";
				GCC_PREPROCESSOR_DEFINITIONS = (
					"DEBUG=1",
					"$(inherited)",
				);
				INFOPLIST_FILE = "RacortProjectTests/RacortProjectTests-Info.plist";
				PRODUCT_NAME = "$(TARGET_NAME)";
				TEST_HOST = "$(BUNDLE_LOADER)";
				WRAPPER_EXTENSION = xctest;
			};
			name = Debug;
		};
		CD78629719B732D200154FB3 /* Release */ = {
			isa = XCBuildConfiguration;
			buildSettings = {
				BUNDLE_LOADER = "$(BUILT_PRODUCTS_DIR)/RacortProject.app/RacortProject";
				FRAMEWORK_SEARCH_PATHS = (
					"$(SDKROOT)/Developer/Library/Frameworks",
					"$(inherited)",
					"$(DEVELOPER_FRAMEWORKS_DIR)",
				);
				GCC_PRECOMPILE_PREFIX_HEADER = YES;
				GCC_PREFIX_HEADER = "RacortProject/RacortProject-Prefix.pch";
				INFOPLIST_FILE = "RacortProjectTests/RacortProjectTests-Info.plist";
				PRODUCT_NAME = "$(TARGET_NAME)";
				TEST_HOST = "$(BUNDLE_LOADER)";
				WRAPPER_EXTENSION = xctest;
			};
			name = Release;
		};
/* End XCBuildConfiguration section */

/* Begin XCConfigurationList section */
		CD78625B19B732D200154FB3 /* Build configuration list for PBXProject "RacortProject" */ = {
			isa = XCConfigurationList;
			buildConfigurations = (
				CD78629019B732D200154FB3 /* Debug */,
				CD78629119B732D200154FB3 /* Release */,
			);
			defaultConfigurationIsVisible = 0;
			defaultConfigurationName = Release;
		};
		CD78629219B732D200154FB3 /* Build configuration list for PBXNativeTarget "RacortProject" */ = {
			isa = XCConfigurationList;
			buildConfigurations = (
				CD78629319B732D200154FB3 /* Debug */,
				CD78629419B732D200154FB3 /* Release */,
			);
			defaultConfigurationIsVisible = 0;
			defaultConfigurationName = Release;
		};
		CD78629519B732D200154FB3 /* Build configuration list for PBXNativeTarget "RacortProjectTests" */ = {
			isa = XCConfigurationList;
			buildConfigurations = (
				CD78629619B732D200154FB3 /* Debug */,
				CD78629719B732D200154FB3 /* Release */,
			);
			defaultConfigurationIsVisible = 0;
			defaultConfigurationName = Release;
		};
/* End XCConfigurationList section */
	};
	rootObject = CD78625819B732D200154FB3 /* Project object */;
}
